
Microsoft Visual Studio Solution File, Format Version 12.00
# Visual Studio 14
VisualStudioVersion = 14.0.25420.1
MinimumVisualStudioVersion = 10.0.40219.1
Project("{FAE04EC0-301F-11D3-BF4B-00C04F79EFBC}") = "MatrixOfPalindromes", "MatrixOfPalindromes\MatrixOfPalindromes.csproj", "{D7BD8A9B-8072-4BD8-997E-53A355694E4B}"
EndProject
Project("{FAE04EC0-301F-11D3-BF4B-00C04F79EFBC}") = "DiagonalDifference", "DiagonalDifference\DiagonalDifference.csproj", "{C3CAE461-3D03-41B5-BC44-F4F42DC9497A}"
EndProject
Project("{FAE04EC0-301F-11D3-BF4B-00C04F79EFBC}") = "SquaresInMatrix", "SquaresInMatrix\SquaresInMatrix.csproj", "{6222317B-7622-4AAE-A0F4-2CA18E622B08}"
EndProject
Project("{FAE04EC0-301F-11D3-BF4B-00C04F79EFBC}") = "MaximalSum", "MaximalSum\MaximalSum.csproj", "{5E488ECE-0FAF-4549-89B5-9F2DA8EF26EC}"
EndProject
Global
	GlobalSection(SolutionConfigurationPlatforms) = preSolution
		Debug|Any CPU = Debug|Any CPU
		Release|Any CPU = Release|Any CPU
	EndGlobalSection
	GlobalSection(ProjectConfigurationPlatforms) = postSolution
		{D7BD8A9B-8072-4BD8-997E-53A355694E4B}.Debug|Any CPU.ActiveCfg = Debug|Any CPU
		{D7BD8A9B-8072-4BD8-997E-53A355694E4B}.Debug|Any CPU.Build.0 = Debug|Any CPU
		{D7BD8A9B-8072-4BD8-997E-53A355694E4B}.Release|Any CPU.ActiveCfg = Release|Any CPU
		{D7BD8A9B-8072-4BD8-997E-53A355694E4B}.Release|Any CPU.Build.0 = Release|Any CPU
		{C3CAE461-3D03-41B5-BC44-F4F42DC9497A}.Debug|Any CPU.ActiveCfg = Debug|Any CPU
		{C3CAE461-3D03-41B5-BC44-F4F42DC9497A}.Debug|Any CPU.Build.0 = Debug|Any CPU
		{C3CAE461-3D03-41B5-BC44-F4F42DC9497A}.Release|Any CPU.ActiveCfg = Release|Any CPU
		{C3CAE461-3D03-41B5-BC44-F4F42DC9497A}.Release|Any CPU.Build.0 = Release|Any CPU
		{6222317B-7622-4AAE-A0F4-2CA18E622B08}.Debug|Any CPU.ActiveCfg = Debug|Any CPU
		{6222317B-7622-4AAE-A0F4-2CA18E622B08}.Debug|Any CPU.Build.0 = Debug|Any CPU
		{6222317B-7622-4AAE-A0F4-2CA18E622B08}.Release|Any CPU.ActiveCfg = Release|Any CPU
		{6222317B-7622-4AAE-A0F4-2CA18E622B08}.Release|Any CPU.Build.0 = Release|Any CPU
		{5E488ECE-0FAF-4549-89B5-9F2DA8EF26EC}.Debug|Any CPU.ActiveCfg = Debug|Any CPU
		{5E488ECE-0FAF-4549-89B5-9F2DA8EF26EC}.Debug|Any CPU.Build.0 = Debug|Any CPU
		{5E488ECE-0FAF-4549-89B5-9F2DA8EF26EC}.Release|Any CPU.ActiveCfg = Release|Any CPU
		{5E488ECE-0FAF-4549-89B5-9F2DA8EF26EC}.Release|Any CPU.Build.0 = Release|Any CPU
	EndGlobalSection
	GlobalSection(SolutionProperties) = preSolution
		HideSolutionNode = FALSE
	EndGlobalSection
EndGlobal
