
Microsoft Visual Studio Solution File, Format Version 12.00
# Visual Studio 14
VisualStudioVersion = 14.0.25420.1
MinimumVisualStudioVersion = 10.0.40219.1
Project("{FAE04EC0-301F-11D3-BF4B-00C04F79EFBC}") = "StacksAndQueues", "StacksAndQueues\StacksAndQueues.csproj", "{7DA9539C-0FF4-4757-948E-0B1EF39B7EEE}"
EndProject
Project("{FAE04EC0-301F-11D3-BF4B-00C04F79EFBC}") = "SimpleCalculator", "SimpleCalculator\SimpleCalculator.csproj", "{067C3EE8-DE3F-49E7-A6DF-0996B6CFF580}"
EndProject
Global
	GlobalSection(SolutionConfigurationPlatforms) = preSolution
		Debug|Any CPU = Debug|Any CPU
		Release|Any CPU = Release|Any CPU
	EndGlobalSection
	GlobalSection(ProjectConfigurationPlatforms) = postSolution
		{7DA9539C-0FF4-4757-948E-0B1EF39B7EEE}.Debug|Any CPU.ActiveCfg = Debug|Any CPU
		{7DA9539C-0FF4-4757-948E-0B1EF39B7EEE}.Debug|Any CPU.Build.0 = Debug|Any CPU
		{7DA9539C-0FF4-4757-948E-0B1EF39B7EEE}.Release|Any CPU.ActiveCfg = Release|Any CPU
		{7DA9539C-0FF4-4757-948E-0B1EF39B7EEE}.Release|Any CPU.Build.0 = Release|Any CPU
		{067C3EE8-DE3F-49E7-A6DF-0996B6CFF580}.Debug|Any CPU.ActiveCfg = Debug|Any CPU
		{067C3EE8-DE3F-49E7-A6DF-0996B6CFF580}.Debug|Any CPU.Build.0 = Debug|Any CPU
		{067C3EE8-DE3F-49E7-A6DF-0996B6CFF580}.Release|Any CPU.ActiveCfg = Release|Any CPU
		{067C3EE8-DE3F-49E7-A6DF-0996B6CFF580}.Release|Any CPU.Build.0 = Release|Any CPU
	EndGlobalSection
	GlobalSection(SolutionProperties) = preSolution
		HideSolutionNode = FALSE
	EndGlobalSection
EndGlobal
